{
  "spec": {
    "name": "thds.core",
    "version": "0.2",
    "path": "libs/core",
    "third_party": {
      "attrs": "^22.2.0",
      "cattrs": "^22.2.0",
      "python": "^3.8"
    },
    "extras": {},
    "scripts": {},
    "entry_points": {},
    "deps": {
      "runtime": [],
      "dev": []
    }
  },
  "poetry_lock": "cf10d103cc21501a7fa673b4625ce127"
}
