{
  "pipfile": "4ba055e71b1259aa036977bbdf90a480",
  "pipfile_lock": "224e45ff6f80aa8951c44e99cb6e1d98",
  "spec": {
    "name": "thds.core",
    "version": "0.1",
    "path": "libs/core",
    "third_party": [
      "attrs",
      "cattrs"
    ],
    "extras": {
      "dev": [
        "gitpython"
      ]
    },
    "scripts": {},
    "deps": {
      "prod": [],
      "dev": []
    }
  }
}
