{
  "spec": {
    "name": "thds.core",
    "version": "0.3",
    "path": "libs/core",
    "external": {
      "attrs": "^22.2.0",
      "cattrs": "^22.2.0",
      "python": "^3.8"
    },
    "extras": {},
    "scripts": {},
    "monodeps": {
      "runtime": [],
      "dev": []
    }
  },
  "lockfile_hash": "cf10d103cc21501a7fa673b4625ce127"
}
