{
  "spec": {
    "name": "thds.adls",
    "version": "1.0",
    "path": "libs/adls",
    "external": {
      "aiohttp": ">=3.8.1",
      "aiostream": ">=0.4.5",
      "azure-identity": ">=1.9",
      "azure-storage-file-datalake": ">=12.6",
      "lazy-object-proxy": ">=1.7.1",
      "python": "^3.8"
    },
    "extras": {},
    "scripts": {},
    "monodeps": {
      "runtime": [
        {
          "name": "thds.core",
          "version": "0.3",
          "path": "libs/core",
          "external": {
            "attrs": "^22.2.0",
            "cattrs": "^22.2.0",
            "python": "^3.8"
          },
          "extras": {},
          "scripts": {}
        }
      ],
      "dev": []
    }
  },
  "lockfile_hash": "f50d4498ea35c2a5a5dbd1de36f863ea"
}
