{
  "pipfile": "ac4e7ca6ffee1a1317785e3a67ced5c8",
  "pipfile_lock": "3a62e8e8451494ab1846d9e431692df7",
  "spec": {
    "name": "thds.adls",
    "version": "1.0",
    "path": "libs/adls",
    "third_party": [
      "aiohttp>=3.8.1",
      "aiostream>=0.4.5",
      "azure-identity>=1.9",
      "azure-storage-file-datalake>=12.6",
      "lazy-object-proxy>=1.7.1"
    ],
    "extras": {
      "dev": []
    },
    "scripts": {},
    "entry_points": {},
    "deps": {
      "prod": [
        {
          "name": "thds.core",
          "version": "0.2",
          "path": "libs/core",
          "third_party": [
            "attrs",
            "cattrs>=22.2"
          ],
          "extras": {},
          "scripts": {},
          "entry_points": {}
        }
      ],
      "dev": []
    }
  }
}
