{
  "pipfile": "e49c8d314aa1f0c5fbbd15b795ec3ff0",
  "pipfile_lock": "b154aff22590c0f2568ac6e28f1810af",
  "spec": {
    "name": "thds.adls",
    "version": "1.0",
    "path": "libs/adls",
    "third_party": [
      "aiohttp>=3.8.1",
      "aiostream>=0.4.5",
      "azure-identity>=1.9",
      "azure-storage-file-datalake>=12.6",
      "lazy-object-proxy>=1.7.1"
    ],
    "extras": {
      "dev": []
    },
    "scripts": {},
    "entry_points": {},
    "deps": {
      "prod": [
        {
          "name": "thds.core",
          "version": "0.1",
          "path": "libs/core",
          "third_party": [
            "attrs",
            "cattrs"
          ],
          "extras": {},
          "scripts": {},
          "entry_points": {}
        }
      ],
      "dev": [
        {
          "name": "thds.core",
          "version": "0.1",
          "path": "libs/core",
          "third_party": [
            "attrs",
            "cattrs"
          ],
          "extras": {
            "dev": [
              "gitpython"
            ]
          },
          "scripts": {},
          "entry_points": {}
        }
      ]
    }
  }
}
